
Microsoft Visual Studio Solution File, Format Version 12.00
# Visual Studio Version 16
VisualStudioVersion = 16.0.32407.337
MinimumVisualStudioVersion = 10.0.40219.1
Project("{FAE04EC0-301F-11D3-BF4B-00C04F79EFBC}") = "PTB2_45_Nhan", "PTB2_45_Nhan\PTB2_45_Nhan.csproj", "{80072F68-DE74-4069-9CEB-9B9EA6DC9BC6}"
EndProject
Project("{FAE04EC0-301F-11D3-BF4B-00C04F79EFBC}") = "PTB2Tester_45_Nhan", "PTB2Tester_45_Nhan\PTB2Tester_45_Nhan.csproj", "{75B9D9F9-8AE1-4A43-8E9E-525342A6946E}"
EndProject
Project("{FAE04EC0-301F-11D3-BF4B-00C04F79EFBC}") = "Thebluetshirt_45_Nhan", "Thebluetshirt_45_Nhan\Thebluetshirt_45_Nhan.csproj", "{6C29BA5B-37E3-4C8C-8211-A519EC4D599A}"
EndProject
Global
	GlobalSection(SolutionConfigurationPlatforms) = preSolution
		Debug|Any CPU = Debug|Any CPU
		Release|Any CPU = Release|Any CPU
	EndGlobalSection
	GlobalSection(ProjectConfigurationPlatforms) = postSolution
		{80072F68-DE74-4069-9CEB-9B9EA6DC9BC6}.Debug|Any CPU.ActiveCfg = Debug|Any CPU
		{80072F68-DE74-4069-9CEB-9B9EA6DC9BC6}.Debug|Any CPU.Build.0 = Debug|Any CPU
		{80072F68-DE74-4069-9CEB-9B9EA6DC9BC6}.Release|Any CPU.ActiveCfg = Release|Any CPU
		{80072F68-DE74-4069-9CEB-9B9EA6DC9BC6}.Release|Any CPU.Build.0 = Release|Any CPU
		{75B9D9F9-8AE1-4A43-8E9E-525342A6946E}.Debug|Any CPU.ActiveCfg = Debug|Any CPU
		{75B9D9F9-8AE1-4A43-8E9E-525342A6946E}.Debug|Any CPU.Build.0 = Debug|Any CPU
		{75B9D9F9-8AE1-4A43-8E9E-525342A6946E}.Release|Any CPU.ActiveCfg = Release|Any CPU
		{75B9D9F9-8AE1-4A43-8E9E-525342A6946E}.Release|Any CPU.Build.0 = Release|Any CPU
		{6C29BA5B-37E3-4C8C-8211-A519EC4D599A}.Debug|Any CPU.ActiveCfg = Debug|Any CPU
		{6C29BA5B-37E3-4C8C-8211-A519EC4D599A}.Debug|Any CPU.Build.0 = Debug|Any CPU
		{6C29BA5B-37E3-4C8C-8211-A519EC4D599A}.Release|Any CPU.ActiveCfg = Release|Any CPU
		{6C29BA5B-37E3-4C8C-8211-A519EC4D599A}.Release|Any CPU.Build.0 = Release|Any CPU
	EndGlobalSection
	GlobalSection(SolutionProperties) = preSolution
		HideSolutionNode = FALSE
	EndGlobalSection
	GlobalSection(ExtensibilityGlobals) = postSolution
		SolutionGuid = {5D7F6057-A5E2-4CF6-B46F-BA964ECF05E0}
	EndGlobalSection
EndGlobal
